
Microsoft Visual Studio Solution File, Format Version 12.00
# Visual Studio Version 16
VisualStudioVersion = 16.0.29001.49
MinimumVisualStudioVersion = 10.0.40219.1
Project("{FAE04EC0-301F-11D3-BF4B-00C04F79EFBC}") = "GraficadorSeñales", "GraficadorSeñales\GraficadorSeñales.csproj", "{6B95B979-CA65-4C81-9319-28A458E903BC}"
EndProject
Global
	GlobalSection(SolutionConfigurationPlatforms) = preSolution
		Debug|Any CPU = Debug|Any CPU
		Release|Any CPU = Release|Any CPU
	EndGlobalSection
	GlobalSection(ProjectConfigurationPlatforms) = postSolution
		{6B95B979-CA65-4C81-9319-28A458E903BC}.Debug|Any CPU.ActiveCfg = Debug|Any CPU
		{6B95B979-CA65-4C81-9319-28A458E903BC}.Debug|Any CPU.Build.0 = Debug|Any CPU
		{6B95B979-CA65-4C81-9319-28A458E903BC}.Release|Any CPU.ActiveCfg = Release|Any CPU
		{6B95B979-CA65-4C81-9319-28A458E903BC}.Release|Any CPU.Build.0 = Release|Any CPU
	EndGlobalSection
	GlobalSection(SolutionProperties) = preSolution
		HideSolutionNode = FALSE
	EndGlobalSection
	GlobalSection(ExtensibilityGlobals) = postSolution
		SolutionGuid = {E920667B-41A6-4CFF-A1D5-933A4AF0FE7C}
	EndGlobalSection
EndGlobal
